{
  "originHash" : "83f87e594e10cd80237b502906ac1dff51db5f501166612299436526d0df1f2f",
  "pins" : [
    {
      "identity" : "swift-timecode",
      "kind" : "remoteSourceControl",
      "location" : "https://github.com/orchetect/swift-timecode",
      "state" : {
        "revision" : "f9a9e88c8e4c38b1b29d3db8130e1f07112e8b9e",
        "version" : "3.0.0"
      }
    }
  ],
  "version" : 3
}
