{
  "originHash" : "21e5ceb49e532ca5fac42774ecfcec73fb799b294864b0765f68b686a02da7dc",
  "pins" : [
    {
      "identity" : "swift-extensions",
      "kind" : "remoteSourceControl",
      "location" : "https://github.com/orchetect/swift-extensions",
      "state" : {
        "revision" : "f090f8210d7dfba476edefbe0f269854d07b32a6",
        "version" : "2.0.0"
      }
    },
    {
      "identity" : "swift-timecode",
      "kind" : "remoteSourceControl",
      "location" : "https://github.com/orchetect/swift-timecode",
      "state" : {
        "revision" : "f9a9e88c8e4c38b1b29d3db8130e1f07112e8b9e",
        "version" : "3.0.0"
      }
    }
  ],
  "version" : 3
}
